// !$*UTF8*$!
{
	archiveVersion = 1;
	classes = {
	};
	objectVersion = 56;
	objects = {

/* Begin PBXBuildFile section */
		7F6F90F42AE1152400734B20 /* CustomBackButtonView.swift in Sources */ = {isa = PBXBuildFile; fileRef = 7F6F90F32AE1152400734B20 /* CustomBackButtonView.swift */; };
		7F7904102AE2FD70001BB865 /* SummaryView.swift in Sources */ = {isa = PBXBuildFile; fileRef = 7F79040F2AE2FD70001BB865 /* SummaryView.swift */; };
		7F7904122AE2FD88001BB865 /* FitnessPlusView.swift in Sources */ = {isa = PBXBuildFile; fileRef = 7F7904112AE2FD88001BB865 /* FitnessPlusView.swift */; };
		7F7904142AE2FD95001BB865 /* SharingView.swift in Sources */ = {isa = PBXBuildFile; fileRef = 7F7904132AE2FD95001BB865 /* SharingView.swift */; };
		7F7AFAB42AE8F42000043634 /* MetricsItemView.swift in Sources */ = {isa = PBXBuildFile; fileRef = 7F7AFAB32AE8F42000043634 /* MetricsItemView.swift */; };
		7F7FEAE82AE654B300C9AE1C /* HeaderDetailView.swift in Sources */ = {isa = PBXBuildFile; fileRef = 7F7FEAE72AE654B300C9AE1C /* HeaderDetailView.swift */; };
		7F7FEAEA2AE65E7000C9AE1C /* MetricsDetailsView.swift in Sources */ = {isa = PBXBuildFile; fileRef = 7F7FEAE92AE65E7000C9AE1C /* MetricsDetailsView.swift */; };
		7FBBFAF32AE10D4600555162 /* AppleWorkoutSurfingApp.swift in Sources */ = {isa = PBXBuildFile; fileRef = 7FBBFAF22AE10D4600555162 /* AppleWorkoutSurfingApp.swift */; };
		7FBBFAF52AE10D4600555162 /* ContentView.swift in Sources */ = {isa = PBXBuildFile; fileRef = 7FBBFAF42AE10D4600555162 /* ContentView.swift */; };
		7FBBFAF72AE10D4800555162 /* Assets.xcassets in Resources */ = {isa = PBXBuildFile; fileRef = 7FBBFAF62AE10D4800555162 /* Assets.xcassets */; };
		7FBBFAFA2AE10D4800555162 /* Preview Assets.xcassets in Resources */ = {isa = PBXBuildFile; fileRef = 7FBBFAF92AE10D4800555162 /* Preview Assets.xcassets */; };
		7FC91AC02AE30130003445EA /* SurfWorkoutDetailView.swift in Sources */ = {isa = PBXBuildFile; fileRef = 7FC91ABF2AE30130003445EA /* SurfWorkoutDetailView.swift */; };
/* End PBXBuildFile section */

/* Begin PBXFileReference section */
		7F6F90F32AE1152400734B20 /* CustomBackButtonView.swift */ = {isa = PBXFileReference; lastKnownFileType = sourcecode.swift; path = CustomBackButtonView.swift; sourceTree = "<group>"; };
		7F79040F2AE2FD70001BB865 /* SummaryView.swift */ = {isa = PBXFileReference; lastKnownFileType = sourcecode.swift; path = SummaryView.swift; sourceTree = "<group>"; };
		7F7904112AE2FD88001BB865 /* FitnessPlusView.swift */ = {isa = PBXFileReference; lastKnownFileType = sourcecode.swift; path = FitnessPlusView.swift; sourceTree = "<group>"; };
		7F7904132AE2FD95001BB865 /* SharingView.swift */ = {isa = PBXFileReference; lastKnownFileType = sourcecode.swift; path = SharingView.swift; sourceTree = "<group>"; };
		7F7AFAB32AE8F42000043634 /* MetricsItemView.swift */ = {isa = PBXFileReference; lastKnownFileType = sourcecode.swift; path = MetricsItemView.swift; sourceTree = "<group>"; };
		7F7FEAE72AE654B300C9AE1C /* HeaderDetailView.swift */ = {isa = PBXFileReference; lastKnownFileType = sourcecode.swift; path = HeaderDetailView.swift; sourceTree = "<group>"; };
		7F7FEAE92AE65E7000C9AE1C /* MetricsDetailsView.swift */ = {isa = PBXFileReference; lastKnownFileType = sourcecode.swift; path = MetricsDetailsView.swift; sourceTree = "<group>"; };
		7FBBFAEF2AE10D4600555162 /* AppleWorkoutSurfing.app */ = {isa = PBXFileReference; explicitFileType = wrapper.application; includeInIndex = 0; path = AppleWorkoutSurfing.app; sourceTree = BUILT_PRODUCTS_DIR; };
		7FBBFAF22AE10D4600555162 /* AppleWorkoutSurfingApp.swift */ = {isa = PBXFileReference; lastKnownFileType = sourcecode.swift; path = AppleWorkoutSurfingApp.swift; sourceTree = "<group>"; };
		7FBBFAF42AE10D4600555162 /* ContentView.swift */ = {isa = PBXFileReference; lastKnownFileType = sourcecode.swift; path = ContentView.swift; sourceTree = "<group>"; };
		7FBBFAF62AE10D4800555162 /* Assets.xcassets */ = {isa = PBXFileReference; lastKnownFileType = folder.assetcatalog; path = Assets.xcassets; sourceTree = "<group>"; };
		7FBBFAF92AE10D4800555162 /* Preview Assets.xcassets */ = {isa = PBXFileReference; lastKnownFileType = folder.assetcatalog; path = "Preview Assets.xcassets"; sourceTree = "<group>"; };
		7FC91ABF2AE30130003445EA /* SurfWorkoutDetailView.swift */ = {isa = PBXFileReference; lastKnownFileType = sourcecode.swift; path = SurfWorkoutDetailView.swift; sourceTree = "<group>"; };
/* End PBXFileReference section */

/* Begin PBXFrameworksBuildPhase section */
		7FBBFAEC2AE10D4600555162 /* Frameworks */ = {
			isa = PBXFrameworksBuildPhase;
			buildActionMask = 2147483647;
			files = (
			);
			runOnlyForDeploymentPostprocessing = 0;
		};
/* End PBXFrameworksBuildPhase section */

/* Begin PBXGroup section */
		7FBBFAE62AE10D4600555162 = {
			isa = PBXGroup;
			children = (
				7FBBFAF12AE10D4600555162 /* AppleWorkoutSurfing */,
				7FBBFAF02AE10D4600555162 /* Products */,
			);
			sourceTree = "<group>";
		};
		7FBBFAF02AE10D4600555162 /* Products */ = {
			isa = PBXGroup;
			children = (
				7FBBFAEF2AE10D4600555162 /* AppleWorkoutSurfing.app */,
			);
			name = Products;
			sourceTree = "<group>";
		};
		7FBBFAF12AE10D4600555162 /* AppleWorkoutSurfing */ = {
			isa = PBXGroup;
			children = (
				7FBBFAF22AE10D4600555162 /* AppleWorkoutSurfingApp.swift */,
				7FBBFAF42AE10D4600555162 /* ContentView.swift */,
				7F7FEAE92AE65E7000C9AE1C /* MetricsDetailsView.swift */,
				7F7AFAB32AE8F42000043634 /* MetricsItemView.swift */,
				7F7FEAE72AE654B300C9AE1C /* HeaderDetailView.swift */,
				7F79040F2AE2FD70001BB865 /* SummaryView.swift */,
				7FC91ABF2AE30130003445EA /* SurfWorkoutDetailView.swift */,
				7F7904112AE2FD88001BB865 /* FitnessPlusView.swift */,
				7F7904132AE2FD95001BB865 /* SharingView.swift */,
				7F6F90F32AE1152400734B20 /* CustomBackButtonView.swift */,
				7FBBFAF62AE10D4800555162 /* Assets.xcassets */,
				7FBBFAF82AE10D4800555162 /* Preview Content */,
			);
			path = AppleWorkoutSurfing;
			sourceTree = "<group>";
		};
		7FBBFAF82AE10D4800555162 /* Preview Content */ = {
			isa = PBXGroup;
			children = (
				7FBBFAF92AE10D4800555162 /* Preview Assets.xcassets */,
			);
			path = "Preview Content";
			sourceTree = "<group>";
		};
/* End PBXGroup section */

/* Begin PBXNativeTarget section */
		7FBBFAEE2AE10D4600555162 /* AppleWorkoutSurfing */ = {
			isa = PBXNativeTarget;
			buildConfigurationList = 7FBBFAFD2AE10D4900555162 /* Build configuration list for PBXNativeTarget "AppleWorkoutSurfing" */;
			buildPhases = (
				7FBBFAEB2AE10D4600555162 /* Sources */,
				7FBBFAEC2AE10D4600555162 /* Frameworks */,
				7FBBFAED2AE10D4600555162 /* Resources */,
			);
			buildRules = (
			);
			dependencies = (
			);
			name = AppleWorkoutSurfing;
			productName = AppleWorkoutSurfing;
			productReference = 7FBBFAEF2AE10D4600555162 /* AppleWorkoutSurfing.app */;
			productType = "com.apple.product-type.application";
		};
/* End PBXNativeTarget section */

/* Begin PBXProject section */
		7FBBFAE72AE10D4600555162 /* Project object */ = {
			isa = PBXProject;
			attributes = {
				BuildIndependentTargetsInParallel = 1;
				LastSwiftUpdateCheck = 1420;
				LastUpgradeCheck = 1420;
				TargetAttributes = {
					7FBBFAEE2AE10D4600555162 = {
						CreatedOnToolsVersion = 14.2;
					};
				};
			};
			buildConfigurationList = 7FBBFAEA2AE10D4600555162 /* Build configuration list for PBXProject "AppleWorkoutSurfing" */;
			compatibilityVersion = "Xcode 14.0";
			developmentRegion = en;
			hasScannedForEncodings = 0;
			knownRegions = (
				en,
				Base,
			);
			mainGroup = 7FBBFAE62AE10D4600555162;
			productRefGroup = 7FBBFAF02AE10D4600555162 /* Products */;
			projectDirPath = "";
			projectRoot = "";
			targets = (
				7FBBFAEE2AE10D4600555162 /* AppleWorkoutSurfing */,
			);
		};
/* End PBXProject section */

/* Begin PBXResourcesBuildPhase section */
		7FBBFAED2AE10D4600555162 /* Resources */ = {
			isa = PBXResourcesBuildPhase;
			buildActionMask = 2147483647;
			files = (
				7FBBFAFA2AE10D4800555162 /* Preview Assets.xcassets in Resources */,
				7FBBFAF72AE10D4800555162 /* Assets.xcassets in Resources */,
			);
			runOnlyForDeploymentPostprocessing = 0;
		};
/* End PBXResourcesBuildPhase section */

/* Begin PBXSourcesBuildPhase section */
		7FBBFAEB2AE10D4600555162 /* Sources */ = {
			isa = PBXSourcesBuildPhase;
			buildActionMask = 2147483647;
			files = (
				7F7FEAE82AE654B300C9AE1C /* HeaderDetailView.swift in Sources */,
				7F7904142AE2FD95001BB865 /* SharingView.swift in Sources */,
				7F6F90F42AE1152400734B20 /* CustomBackButtonView.swift in Sources */,
				7FBBFAF52AE10D4600555162 /* ContentView.swift in Sources */,
				7F7FEAEA2AE65E7000C9AE1C /* MetricsDetailsView.swift in Sources */,
				7F7AFAB42AE8F42000043634 /* MetricsItemView.swift in Sources */,
				7FC91AC02AE30130003445EA /* SurfWorkoutDetailView.swift in Sources */,
				7F7904102AE2FD70001BB865 /* SummaryView.swift in Sources */,
				7FBBFAF32AE10D4600555162 /* AppleWorkoutSurfingApp.swift in Sources */,
				7F7904122AE2FD88001BB865 /* FitnessPlusView.swift in Sources */,
			);
			runOnlyForDeploymentPostprocessing = 0;
		};
/* End PBXSourcesBuildPhase section */

/* Begin XCBuildConfiguration section */
		7FBBFAFB2AE10D4900555162 /* Debug */ = {
			isa = XCBuildConfiguration;
			buildSettings = {
				ALWAYS_SEARCH_USER_PATHS = NO;
				CLANG_ANALYZER_NONNULL = YES;
				CLANG_ANALYZER_NUMBER_OBJECT_CONVERSION = YES_AGGRESSIVE;
				CLANG_CXX_LANGUAGE_STANDARD = "gnu++20";
				CLANG_ENABLE_MODULES = YES;
				CLANG_ENABLE_OBJC_ARC = YES;
				CLANG_ENABLE_OBJC_WEAK = YES;
				CLANG_WARN_BLOCK_CAPTURE_AUTORELEASING = YES;
				CLANG_WARN_BOOL_CONVERSION = YES;
				CLANG_WARN_COMMA = YES;
				CLANG_WARN_CONSTANT_CONVERSION = YES;
				CLANG_WARN_DEPRECATED_OBJC_IMPLEMENTATIONS = YES;
				CLANG_WARN_DIRECT_OBJC_ISA_USAGE = YES_ERROR;
				CLANG_WARN_DOCUMENTATION_COMMENTS = YES;
				CLANG_WARN_EMPTY_BODY = YES;
				CLANG_WARN_ENUM_CONVERSION = YES;
				CLANG_WARN_INFINITE_RECURSION = YES;
				CLANG_WARN_INT_CONVERSION = YES;
				CLANG_WARN_NON_LITERAL_NULL_CONVERSION = YES;
				CLANG_WARN_OBJC_IMPLICIT_RETAIN_SELF = YES;
				CLANG_WARN_OBJC_LITERAL_CONVERSION = YES;
				CLANG_WARN_OBJC_ROOT_CLASS = YES_ERROR;
				CLANG_WARN_QUOTED_INCLUDE_IN_FRAMEWORK_HEADER = YES;
				CLANG_WARN_RANGE_LOOP_ANALYSIS = YES;
				CLANG_WARN_STRICT_PROTOTYPES = YES;
				CLANG_WARN_SUSPICIOUS_MOVE = YES;
				CLANG_WARN_UNGUARDED_AVAILABILITY = YES_AGGRESSIVE;
				CLANG_WARN_UNREACHABLE_CODE = YES;
				CLANG_WARN__DUPLICATE_METHOD_MATCH = YES;
				COPY_PHASE_STRIP = NO;
				DEBUG_INFORMATION_FORMAT = dwarf;
				ENABLE_STRICT_OBJC_MSGSEND = YES;
				ENABLE_TESTABILITY = YES;
				GCC_C_LANGUAGE_STANDARD = gnu11;
				GCC_DYNAMIC_NO_PIC = NO;
				GCC_NO_COMMON_BLOCKS = YES;
				GCC_OPTIMIZATION_LEVEL = 0;
				GCC_PREPROCESSOR_DEFINITIONS = (
					"DEBUG=1",
					"$(inherited)",
				);
				GCC_WARN_64_TO_32_BIT_CONVERSION = YES;
				GCC_WARN_ABOUT_RETURN_TYPE = YES_ERROR;
				GCC_WARN_UNDECLARED_SELECTOR = YES;
				GCC_WARN_UNINITIALIZED_AUTOS = YES_AGGRESSIVE;
				GCC_WARN_UNUSED_FUNCTION = YES;
				GCC_WARN_UNUSED_VARIABLE = YES;
				IPHONEOS_DEPLOYMENT_TARGET = 16.2;
				MTL_ENABLE_DEBUG_INFO = INCLUDE_SOURCE;
				MTL_FAST_MATH = YES;
				ONLY_ACTIVE_ARCH = YES;
				SDKROOT = iphoneos;
				SWIFT_ACTIVE_COMPILATION_CONDITIONS = DEBUG;
				SWIFT_OPTIMIZATION_LEVEL = "-Onone";
			};
			name = Debug;
		};
		7FBBFAFC2AE10D4900555162 /* Release */ = {
			isa = XCBuildConfiguration;
			buildSettings = {
				ALWAYS_SEARCH_USER_PATHS = NO;
				CLANG_ANALYZER_NONNULL = YES;
				CLANG_ANALYZER_NUMBER_OBJECT_CONVERSION = YES_AGGRESSIVE;
				CLANG_CXX_LANGUAGE_STANDARD = "gnu++20";
				CLANG_ENABLE_MODULES = YES;
				CLANG_ENABLE_OBJC_ARC = YES;
				CLANG_ENABLE_OBJC_WEAK = YES;
				CLANG_WARN_BLOCK_CAPTURE_AUTORELEASING = YES;
				CLANG_WARN_BOOL_CONVERSION = YES;
				CLANG_WARN_COMMA = YES;
				CLANG_WARN_CONSTANT_CONVERSION = YES;
				CLANG_WARN_DEPRECATED_OBJC_IMPLEMENTATIONS = YES;
				CLANG_WARN_DIRECT_OBJC_ISA_USAGE = YES_ERROR;
				CLANG_WARN_DOCUMENTATION_COMMENTS = YES;
				CLANG_WARN_EMPTY_BODY = YES;
				CLANG_WARN_ENUM_CONVERSION = YES;
				CLANG_WARN_INFINITE_RECURSION = YES;
				CLANG_WARN_INT_CONVERSION = YES;
				CLANG_WARN_NON_LITERAL_NULL_CONVERSION = YES;
				CLANG_WARN_OBJC_IMPLICIT_RETAIN_SELF = YES;
				CLANG_WARN_OBJC_LITERAL_CONVERSION = YES;
				CLANG_WARN_OBJC_ROOT_CLASS = YES_ERROR;
				CLANG_WARN_QUOTED_INCLUDE_IN_FRAMEWORK_HEADER = YES;
				CLANG_WARN_RANGE_LOOP_ANALYSIS = YES;
				CLANG_WARN_STRICT_PROTOTYPES = YES;
				CLANG_WARN_SUSPICIOUS_MOVE = YES;
				CLANG_WARN_UNGUARDED_AVAILABILITY = YES_AGGRESSIVE;
				CLANG_WARN_UNREACHABLE_CODE = YES;
				CLANG_WARN__DUPLICATE_METHOD_MATCH = YES;
				COPY_PHASE_STRIP = NO;
				DEBUG_INFORMATION_FORMAT = "dwarf-with-dsym";
				ENABLE_NS_ASSERTIONS = NO;
				ENABLE_STRICT_OBJC_MSGSEND = YES;
				GCC_C_LANGUAGE_STANDARD = gnu11;
				GCC_NO_COMMON_BLOCKS = YES;
				GCC_WARN_64_TO_32_BIT_CONVERSION = YES;
				GCC_WARN_ABOUT_RETURN_TYPE = YES_ERROR;
				GCC_WARN_UNDECLARED_SELECTOR = YES;
				GCC_WARN_UNINITIALIZED_AUTOS = YES_AGGRESSIVE;
				GCC_WARN_UNUSED_FUNCTION = YES;
				GCC_WARN_UNUSED_VARIABLE = YES;
				IPHONEOS_DEPLOYMENT_TARGET = 16.2;
				MTL_ENABLE_DEBUG_INFO = NO;
				MTL_FAST_MATH = YES;
				SDKROOT = iphoneos;
				SWIFT_COMPILATION_MODE = wholemodule;
				SWIFT_OPTIMIZATION_LEVEL = "-O";
				VALIDATE_PRODUCT = YES;
			};
			name = Release;
		};
		7FBBFAFE2AE10D4900555162 /* Debug */ = {
			isa = XCBuildConfiguration;
			buildSettings = {
				ASSETCATALOG_COMPILER_APPICON_NAME = AppIcon;
				ASSETCATALOG_COMPILER_GLOBAL_ACCENT_COLOR_NAME = AccentColor;
				CODE_SIGN_STYLE = Automatic;
				CURRENT_PROJECT_VERSION = 1;
				DEVELOPMENT_ASSET_PATHS = "\"AppleWorkoutSurfing/Preview Content\"";
				DEVELOPMENT_TEAM = M88YWG7ZQ2;
				ENABLE_PREVIEWS = YES;
				GENERATE_INFOPLIST_FILE = YES;
				INFOPLIST_KEY_UIApplicationSceneManifest_Generation = YES;
				INFOPLIST_KEY_UIApplicationSupportsIndirectInputEvents = YES;
				INFOPLIST_KEY_UILaunchScreen_Generation = YES;
				INFOPLIST_KEY_UISupportedInterfaceOrientations_iPad = "UIInterfaceOrientationPortrait UIInterfaceOrientationPortraitUpsideDown UIInterfaceOrientationLandscapeLeft UIInterfaceOrientationLandscapeRight";
				INFOPLIST_KEY_UISupportedInterfaceOrientations_iPhone = "UIInterfaceOrientationPortrait UIInterfaceOrientationLandscapeLeft UIInterfaceOrientationLandscapeRight";
				LD_RUNPATH_SEARCH_PATHS = (
					"$(inherited)",
					"@executable_path/Frameworks",
				);
				MARKETING_VERSION = 1.0;
				PRODUCT_BUNDLE_IDENTIFIER = com.orochamartins.AppleWorkoutSurfing;
				PRODUCT_NAME = "$(TARGET_NAME)";
				SWIFT_EMIT_LOC_STRINGS = YES;
				SWIFT_VERSION = 5.0;
				TARGETED_DEVICE_FAMILY = "1,2";
			};
			name = Debug;
		};
		7FBBFAFF2AE10D4900555162 /* Release */ = {
			isa = XCBuildConfiguration;
			buildSettings = {
				ASSETCATALOG_COMPILER_APPICON_NAME = AppIcon;
				ASSETCATALOG_COMPILER_GLOBAL_ACCENT_COLOR_NAME = AccentColor;
				CODE_SIGN_STYLE = Automatic;
				CURRENT_PROJECT_VERSION = 1;
				DEVELOPMENT_ASSET_PATHS = "\"AppleWorkoutSurfing/Preview Content\"";
				DEVELOPMENT_TEAM = M88YWG7ZQ2;
				ENABLE_PREVIEWS = YES;
				GENERATE_INFOPLIST_FILE = YES;
				INFOPLIST_KEY_UIApplicationSceneManifest_Generation = YES;
				INFOPLIST_KEY_UIApplicationSupportsIndirectInputEvents = YES;
				INFOPLIST_KEY_UILaunchScreen_Generation = YES;
				INFOPLIST_KEY_UISupportedInterfaceOrientations_iPad = "UIInterfaceOrientationPortrait UIInterfaceOrientationPortraitUpsideDown UIInterfaceOrientationLandscapeLeft UIInterfaceOrientationLandscapeRight";
				INFOPLIST_KEY_UISupportedInterfaceOrientations_iPhone = "UIInterfaceOrientationPortrait UIInterfaceOrientationLandscapeLeft UIInterfaceOrientationLandscapeRight";
				LD_RUNPATH_SEARCH_PATHS = (
					"$(inherited)",
					"@executable_path/Frameworks",
				);
				MARKETING_VERSION = 1.0;
				PRODUCT_BUNDLE_IDENTIFIER = com.orochamartins.AppleWorkoutSurfing;
				PRODUCT_NAME = "$(TARGET_NAME)";
				SWIFT_EMIT_LOC_STRINGS = YES;
				SWIFT_VERSION = 5.0;
				TARGETED_DEVICE_FAMILY = "1,2";
			};
			name = Release;
		};
/* End XCBuildConfiguration section */

/* Begin XCConfigurationList section */
		7FBBFAEA2AE10D4600555162 /* Build configuration list for PBXProject "AppleWorkoutSurfing" */ = {
			isa = XCConfigurationList;
			buildConfigurations = (
				7FBBFAFB2AE10D4900555162 /* Debug */,
				7FBBFAFC2AE10D4900555162 /* Release */,
			);
			defaultConfigurationIsVisible = 0;
			defaultConfigurationName = Release;
		};
		7FBBFAFD2AE10D4900555162 /* Build configuration list for PBXNativeTarget "AppleWorkoutSurfing" */ = {
			isa = XCConfigurationList;
			buildConfigurations = (
				7FBBFAFE2AE10D4900555162 /* Debug */,
				7FBBFAFF2AE10D4900555162 /* Release */,
			);
			defaultConfigurationIsVisible = 0;
			defaultConfigurationName = Release;
		};
/* End XCConfigurationList section */
	};
	rootObject = 7FBBFAE72AE10D4600555162 /* Project object */;
}
